// !$*UTF8*$!
{
	archiveVersion = 1;
	classes = {
	};
	objectVersion = 46;
	objects = {

/* Begin PBXBuildFile section */
		A956F96A1E7A60970098D92F /* AppDelegate.swift in Sources */ = {isa = PBXBuildFile; fileRef = A956F9691E7A60970098D92F /* AppDelegate.swift */; };
		A956F96C1E7A60970098D92F /* ViewController.swift in Sources */ = {isa = PBXBuildFile; fileRef = A956F96B1E7A60970098D92F /* ViewController.swift */; };
		A956F96F1E7A60970098D92F /* Main.storyboard in Resources */ = {isa = PBXBuildFile; fileRef = A956F96D1E7A60970098D92F /* Main.storyboard */; };
		A956F9711E7A60970098D92F /* Assets.xcassets in Resources */ = {isa = PBXBuildFile; fileRef = A956F9701E7A60970098D92F /* Assets.xcassets */; };
		A956F9741E7A60970098D92F /* LaunchScreen.storyboard in Resources */ = {isa = PBXBuildFile; fileRef = A956F9721E7A60970098D92F /* LaunchScreen.storyboard */; };
		A956F97F1E7A60970098D92F /* testTests.swift in Sources */ = {isa = PBXBuildFile; fileRef = A956F97E1E7A60970098D92F /* testTests.swift */; };
		A956F98A1E7A60970098D92F /* testUITests.swift in Sources */ = {isa = PBXBuildFile; fileRef = A956F9891E7A60970098D92F /* testUITests.swift */; };
/* End PBXBuildFile section */

/* Begin PBXContainerItemProxy section */
		A956F97B1E7A60970098D92F /* PBXContainerItemProxy */ = {
			isa = PBXContainerItemProxy;
			containerPortal = A956F95E1E7A60970098D92F /* Project object */;
			proxyType = 1;
			remoteGlobalIDString = A956F9651E7A60970098D92F;
			remoteInfo = test;
		};
		A956F9861E7A60970098D92F /* PBXContainerItemProxy */ = {
			isa = PBXContainerItemProxy;
			containerPortal = A956F95E1E7A60970098D92F /* Project object */;
			proxyType = 1;
			remoteGlobalIDString = A956F9651E7A60970098D92F;
			remoteInfo = test;
		};
/* End PBXContainerItemProxy section */

/* Begin PBXFileReference section */
		A956F9661E7A60970098D92F /* test.app */ = {isa = PBXFileReference; explicitFileType = wrapper.application; includeInIndex = 0; path = test.app; sourceTree = BUILT_PRODUCTS_DIR; };
		A956F9691E7A60970098D92F /* AppDelegate.swift */ = {isa = PBXFileReference; lastKnownFileType = sourcecode.swift; path = AppDelegate.swift; sourceTree = "<group>"; };
		A956F96B1E7A60970098D92F /* ViewController.swift */ = {isa = PBXFileReference; lastKnownFileType = sourcecode.swift; path = ViewController.swift; sourceTree = "<group>"; };
		A956F96E1E7A60970098D92F /* Base */ = {isa = PBXFileReference; lastKnownFileType = file.storyboard; name = Base; path = Base.lproj/Main.storyboard; sourceTree = "<group>"; };
		A956F9701E7A60970098D92F /* Assets.xcassets */ = {isa = PBXFileReference; lastKnownFileType = folder.assetcatalog; path = Assets.xcassets; sourceTree = "<group>"; };
		A956F9731E7A60970098D92F /* Base */ = {isa = PBXFileReference; lastKnownFileType = file.storyboard; name = Base; path = Base.lproj/LaunchScreen.storyboard; sourceTree = "<group>"; };
		A956F9751E7A60970098D92F /* Info.plist */ = {isa = PBXFileReference; lastKnownFileType = text.plist.xml; path = Info.plist; sourceTree = "<group>"; };
		A956F97A1E7A60970098D92F /* testTests.xctest */ = {isa = PBXFileReference; explicitFileType = wrapper.cfbundle; includeInIndex = 0; path = testTests.xctest; sourceTree = BUILT_PRODUCTS_DIR; };
		A956F97E1E7A60970098D92F /* testTests.swift */ = {isa = PBXFileReference; lastKnownFileType = sourcecode.swift; path = testTests.swift; sourceTree = "<group>"; };
		A956F9801E7A60970098D92F /* Info.plist */ = {isa = PBXFileReference; lastKnownFileType = text.plist.xml; path = Info.plist; sourceTree = "<group>"; };
		A956F9851E7A60970098D92F /* testUITests.xctest */ = {isa = PBXFileReference; explicitFileType = wrapper.cfbundle; includeInIndex = 0; path = testUITests.xctest; sourceTree = BUILT_PRODUCTS_DIR; };
		A956F9891E7A60970098D92F /* testUITests.swift */ = {isa = PBXFileReference; lastKnownFileType = sourcecode.swift; path = testUITests.swift; sourceTree = "<group>"; };
		A956F98B1E7A60970098D92F /* Info.plist */ = {isa = PBXFileReference; lastKnownFileType = text.plist.xml; path = Info.plist; sourceTree = "<group>"; };
/* End PBXFileReference section */

/* Begin PBXFrameworksBuildPhase section */
		A956F9631E7A60970098D92F /* Frameworks */ = {
			isa = PBXFrameworksBuildPhase;
			buildActionMask = 2147483647;
			files = (
			);
			runOnlyForDeploymentPostprocessing = 0;
		};
		A956F9771E7A60970098D92F /* Frameworks */ = {
			isa = PBXFrameworksBuildPhase;
			buildActionMask = 2147483647;
			files = (
			);
			runOnlyForDeploymentPostprocessing = 0;
		};
		A956F9821E7A60970098D92F /* Frameworks */ = {
			isa = PBXFrameworksBuildPhase;
			buildActionMask = 2147483647;
			files = (
			);
			runOnlyForDeploymentPostprocessing = 0;
		};
/* End PBXFrameworksBuildPhase section */

/* Begin PBXGroup section */
		A956F95D1E7A60970098D92F = {
			isa = PBXGroup;
			children = (
				A956F9681E7A60970098D92F /* test */,
				A956F97D1E7A60970098D92F /* testTests */,
				A956F9881E7A60970098D92F /* testUITests */,
				A956F9671E7A60970098D92F /* Products */,
			);
			sourceTree = "<group>";
		};
		A956F9671E7A60970098D92F /* Products */ = {
			isa = PBXGroup;
			children = (
				A956F9661E7A60970098D92F /* test.app */,
				A956F97A1E7A60970098D92F /* testTests.xctest */,
				A956F9851E7A60970098D92F /* testUITests.xctest */,
			);
			name = Products;
			sourceTree = "<group>";
		};
		A956F9681E7A60970098D92F /* test */ = {
			isa = PBXGroup;
			children = (
				A956F9691E7A60970098D92F /* AppDelegate.swift */,
				A956F96B1E7A60970098D92F /* ViewController.swift */,
				A956F96D1E7A60970098D92F /* Main.storyboard */,
				A956F9701E7A60970098D92F /* Assets.xcassets */,
				A956F9721E7A60970098D92F /* LaunchScreen.storyboard */,
				A956F9751E7A60970098D92F /* Info.plist */,
			);
			path = test;
			sourceTree = "<group>";
		};
		A956F97D1E7A60970098D92F /* testTests */ = {
			isa = PBXGroup;
			children = (
				A956F97E1E7A60970098D92F /* testTests.swift */,
				A956F9801E7A60970098D92F /* Info.plist */,
			);
			path = testTests;
			sourceTree = "<group>";
		};
		A956F9881E7A60970098D92F /* testUITests */ = {
			isa = PBXGroup;
			children = (
				A956F9891E7A60970098D92F /* testUITests.swift */,
				A956F98B1E7A60970098D92F /* Info.plist */,
			);
			path = testUITests;
			sourceTree = "<group>";
		};
/* End PBXGroup section */

/* Begin PBXNativeTarget section */
		A956F9651E7A60970098D92F /* test */ = {
			isa = PBXNativeTarget;
			buildConfigurationList = A956F98E1E7A60970098D92F /* Build configuration list for PBXNativeTarget "test" */;
			buildPhases = (
				A956F9621E7A60970098D92F /* Sources */,
				A956F9631E7A60970098D92F /* Frameworks */,
				A956F9641E7A60970098D92F /* Resources */,
			);
			buildRules = (
			);
			dependencies = (
			);
			name = test;
			productName = test;
			productReference = A956F9661E7A60970098D92F /* test.app */;
			productType = "com.apple.product-type.application";
		};
		A956F9791E7A60970098D92F /* testTests */ = {
			isa = PBXNativeTarget;
			buildConfigurationList = A956F9911E7A60970098D92F /* Build configuration list for PBXNativeTarget "testTests" */;
			buildPhases = (
				A956F9761E7A60970098D92F /* Sources */,
				A956F9771E7A60970098D92F /* Frameworks */,
				A956F9781E7A60970098D92F /* Resources */,
			);
			buildRules = (
			);
			dependencies = (
				A956F97C1E7A60970098D92F /* PBXTargetDependency */,
			);
			name = testTests;
			productName = testTests;
			productReference = A956F97A1E7A60970098D92F /* testTests.xctest */;
			productType = "com.apple.product-type.bundle.unit-test";
		};
		A956F9841E7A60970098D92F /* testUITests */ = {
			isa = PBXNativeTarget;
			buildConfigurationList = A956F9941E7A60970098D92F /* Build configuration list for PBXNativeTarget "testUITests" */;
			buildPhases = (
				A956F9811E7A60970098D92F /* Sources */,
				A956F9821E7A60970098D92F /* Frameworks */,
				A956F9831E7A60970098D92F /* Resources */,
			);
			buildRules = (
			);
			dependencies = (
				A956F9871E7A60970098D92F /* PBXTargetDependency */,
			);
			name = testUITests;
			productName = testUITests;
			productReference = A956F9851E7A60970098D92F /* testUITests.xctest */;
			productType = "com.apple.product-type.bundle.ui-testing";
		};
/* End PBXNativeTarget section */

/* Begin PBXProject section */
		A956F95E1E7A60970098D92F /* Project object */ = {
			isa = PBXProject;
			attributes = {
				LastSwiftUpdateCheck = 0820;
				LastUpgradeCheck = 0820;
				ORGANIZATIONNAME = K7Build;
				TargetAttributes = {
					A956F9651E7A60970098D92F = {
						CreatedOnToolsVersion = 8.2.1;
						ProvisioningStyle = Automatic;
					};
					A956F9791E7A60970098D92F = {
						CreatedOnToolsVersion = 8.2.1;
						ProvisioningStyle = Automatic;
						TestTargetID = A956F9651E7A60970098D92F;
					};
					A956F9841E7A60970098D92F = {
						CreatedOnToolsVersion = 8.2.1;
						ProvisioningStyle = Automatic;
						TestTargetID = A956F9651E7A60970098D92F;
					};
				};
			};
			buildConfigurationList = A956F9611E7A60970098D92F /* Build configuration list for PBXProject "test" */;
			compatibilityVersion = "Xcode 3.2";
			developmentRegion = English;
			hasScannedForEncodings = 0;
			knownRegions = (
				en,
				Base,
			);
			mainGroup = A956F95D1E7A60970098D92F;
			productRefGroup = A956F9671E7A60970098D92F /* Products */;
			projectDirPath = "";
			projectRoot = "";
			targets = (
				A956F9651E7A60970098D92F /* test */,
				A956F9791E7A60970098D92F /* testTests */,
				A956F9841E7A60970098D92F /* testUITests */,
			);
		};
/* End PBXProject section */

/* Begin PBXResourcesBuildPhase section */
		A956F9641E7A60970098D92F /* Resources */ = {
			isa = PBXResourcesBuildPhase;
			buildActionMask = 2147483647;
			files = (
				A956F9741E7A60970098D92F /* LaunchScreen.storyboard in Resources */,
				A956F9711E7A60970098D92F /* Assets.xcassets in Resources */,
				A956F96F1E7A60970098D92F /* Main.storyboard in Resources */,
			);
			runOnlyForDeploymentPostprocessing = 0;
		};
		A956F9781E7A60970098D92F /* Resources */ = {
			isa = PBXResourcesBuildPhase;
			buildActionMask = 2147483647;
			files = (
			);
			runOnlyForDeploymentPostprocessing = 0;
		};
		A956F9831E7A60970098D92F /* Resources */ = {
			isa = PBXResourcesBuildPhase;
			buildActionMask = 2147483647;
			files = (
			);
			runOnlyForDeploymentPostprocessing = 0;
		};
/* End PBXResourcesBuildPhase section */

/* Begin PBXSourcesBuildPhase section */
		A956F9621E7A60970098D92F /* Sources */ = {
			isa = PBXSourcesBuildPhase;
			buildActionMask = 2147483647;
			files = (
				A956F96C1E7A60970098D92F /* ViewController.swift in Sources */,
				A956F96A1E7A60970098D92F /* AppDelegate.swift in Sources */,
			);
			runOnlyForDeploymentPostprocessing = 0;
		};
		A956F9761E7A60970098D92F /* Sources */ = {
			isa = PBXSourcesBuildPhase;
			buildActionMask = 2147483647;
			files = (
				A956F97F1E7A60970098D92F /* testTests.swift in Sources */,
			);
			runOnlyForDeploymentPostprocessing = 0;
		};
		A956F9811E7A60970098D92F /* Sources */ = {
			isa = PBXSourcesBuildPhase;
			buildActionMask = 2147483647;
			files = (
				A956F98A1E7A60970098D92F /* testUITests.swift in Sources */,
			);
			runOnlyForDeploymentPostprocessing = 0;
		};
/* End PBXSourcesBuildPhase section */

/* Begin PBXTargetDependency section */
		A956F97C1E7A60970098D92F /* PBXTargetDependency */ = {
			isa = PBXTargetDependency;
			target = A956F9651E7A60970098D92F /* test */;
			targetProxy = A956F97B1E7A60970098D92F /* PBXContainerItemProxy */;
		};
		A956F9871E7A60970098D92F /* PBXTargetDependency */ = {
			isa = PBXTargetDependency;
			target = A956F9651E7A60970098D92F /* test */;
			targetProxy = A956F9861E7A60970098D92F /* PBXContainerItemProxy */;
		};
/* End PBXTargetDependency section */

/* Begin PBXVariantGroup section */
		A956F96D1E7A60970098D92F /* Main.storyboard */ = {
			isa = PBXVariantGroup;
			children = (
				A956F96E1E7A60970098D92F /* Base */,
			);
			name = Main.storyboard;
			sourceTree = "<group>";
		};
		A956F9721E7A60970098D92F /* LaunchScreen.storyboard */ = {
			isa = PBXVariantGroup;
			children = (
				A956F9731E7A60970098D92F /* Base */,
			);
			name = LaunchScreen.storyboard;
			sourceTree = "<group>";
		};
/* End PBXVariantGroup section */

/* Begin XCBuildConfiguration section */
		A956F98C1E7A60970098D92F /* Debug */ = {
			isa = XCBuildConfiguration;
			buildSettings = {
				ALWAYS_SEARCH_USER_PATHS = NO;
				CLANG_ANALYZER_NONNULL = YES;
				CLANG_CXX_LANGUAGE_STANDARD = "gnu++0x";
				CLANG_CXX_LIBRARY = "libc++";
				CLANG_ENABLE_MODULES = YES;
				CLANG_ENABLE_OBJC_ARC = YES;
				CLANG_WARN_BOOL_CONVERSION = YES;
				CLANG_WARN_CONSTANT_CONVERSION = YES;
				CLANG_WARN_DIRECT_OBJC_ISA_USAGE = YES_ERROR;
				CLANG_WARN_DOCUMENTATION_COMMENTS = YES;
				CLANG_WARN_EMPTY_BODY = YES;
				CLANG_WARN_ENUM_CONVERSION = YES;
				CLANG_WARN_INFINITE_RECURSION = YES;
				CLANG_WARN_INT_CONVERSION = YES;
				CLANG_WARN_OBJC_ROOT_CLASS = YES_ERROR;
				CLANG_WARN_SUSPICIOUS_MOVE = YES;
				CLANG_WARN_UNREACHABLE_CODE = YES;
				CLANG_WARN__DUPLICATE_METHOD_MATCH = YES;
				"CODE_SIGN_IDENTITY[sdk=iphoneos*]" = "iPhone Developer";
				COPY_PHASE_STRIP = NO;
				DEBUG_INFORMATION_FORMAT = dwarf;
				ENABLE_STRICT_OBJC_MSGSEND = YES;
				ENABLE_TESTABILITY = YES;
				GCC_C_LANGUAGE_STANDARD = gnu99;
				GCC_DYNAMIC_NO_PIC = NO;
				GCC_NO_COMMON_BLOCKS = YES;
				GCC_OPTIMIZATION_LEVEL = 0;
				GCC_PREPROCESSOR_DEFINITIONS = (
					"DEBUG=1",
					"$(inherited)",
				);
				GCC_WARN_64_TO_32_BIT_CONVERSION = YES;
				GCC_WARN_ABOUT_RETURN_TYPE = YES_ERROR;
				GCC_WARN_UNDECLARED_SELECTOR = YES;
				GCC_WARN_UNINITIALIZED_AUTOS = YES_AGGRESSIVE;
				GCC_WARN_UNUSED_FUNCTION = YES;
				GCC_WARN_UNUSED_VARIABLE = YES;
				IPHONEOS_DEPLOYMENT_TARGET = 10.2;
				MTL_ENABLE_DEBUG_INFO = YES;
				ONLY_ACTIVE_ARCH = YES;
				SDKROOT = iphoneos;
				SWIFT_ACTIVE_COMPILATION_CONDITIONS = DEBUG;
				SWIFT_OPTIMIZATION_LEVEL = "-Onone";
				TARGETED_DEVICE_FAMILY = "1,2";
			};
			name = Debug;
		};
		A956F98D1E7A60970098D92F /* Release */ = {
			isa = XCBuildConfiguration;
			buildSettings = {
				ALWAYS_SEARCH_USER_PATHS = NO;
				CLANG_ANALYZER_NONNULL = YES;
				CLANG_CXX_LANGUAGE_STANDARD = "gnu++0x";
				CLANG_CXX_LIBRARY = "libc++";
				CLANG_ENABLE_MODULES = YES;
				CLANG_ENABLE_OBJC_ARC = YES;
				CLANG_WARN_BOOL_CONVERSION = YES;
				CLANG_WARN_CONSTANT_CONVERSION = YES;
				CLANG_WARN_DIRECT_OBJC_ISA_USAGE = YES_ERROR;
				CLANG_WARN_DOCUMENTATION_COMMENTS = YES;
				CLANG_WARN_EMPTY_BODY = YES;
				CLANG_WARN_ENUM_CONVERSION = YES;
				CLANG_WARN_INFINITE_RECURSION = YES;
				CLANG_WARN_INT_CONVERSION = YES;
				CLANG_WARN_OBJC_ROOT_CLASS = YES_ERROR;
				CLANG_WARN_SUSPICIOUS_MOVE = YES;
				CLANG_WARN_UNREACHABLE_CODE = YES;
				CLANG_WARN__DUPLICATE_METHOD_MATCH = YES;
				"CODE_SIGN_IDENTITY[sdk=iphoneos*]" = "iPhone Developer";
				COPY_PHASE_STRIP = NO;
				DEBUG_INFORMATION_FORMAT = "dwarf-with-dsym";
				ENABLE_NS_ASSERTIONS = NO;
				ENABLE_STRICT_OBJC_MSGSEND = YES;
				GCC_C_LANGUAGE_STANDARD = gnu99;
				GCC_NO_COMMON_BLOCKS = YES;
				GCC_WARN_64_TO_32_BIT_CONVERSION = YES;
				GCC_WARN_ABOUT_RETURN_TYPE = YES_ERROR;
				GCC_WARN_UNDECLARED_SELECTOR = YES;
				GCC_WARN_UNINITIALIZED_AUTOS = YES_AGGRESSIVE;
				GCC_WARN_UNUSED_FUNCTION = YES;
				GCC_WARN_UNUSED_VARIABLE = YES;
				IPHONEOS_DEPLOYMENT_TARGET = 10.2;
				MTL_ENABLE_DEBUG_INFO = NO;
				SDKROOT = iphoneos;
				SWIFT_OPTIMIZATION_LEVEL = "-Owholemodule";
				TARGETED_DEVICE_FAMILY = "1,2";
				VALIDATE_PRODUCT = YES;
			};
			name = Release;
		};
		A956F98F1E7A60970098D92F /* Debug */ = {
			isa = XCBuildConfiguration;
			buildSettings = {
				ASSETCATALOG_COMPILER_APPICON_NAME = AppIcon;
				INFOPLIST_FILE = test/Info.plist;
				LD_RUNPATH_SEARCH_PATHS = "$(inherited) @executable_path/Frameworks";
				PRODUCT_BUNDLE_IDENTIFIER = ttt.test;
				PRODUCT_NAME = "$(TARGET_NAME)";
				SWIFT_VERSION = 3.0;
			};
			name = Debug;
		};
		A956F9901E7A60970098D92F /* Release */ = {
			isa = XCBuildConfiguration;
			buildSettings = {
				ASSETCATALOG_COMPILER_APPICON_NAME = AppIcon;
				INFOPLIST_FILE = test/Info.plist;
				LD_RUNPATH_SEARCH_PATHS = "$(inherited) @executable_path/Frameworks";
				PRODUCT_BUNDLE_IDENTIFIER = ttt.test;
				PRODUCT_NAME = "$(TARGET_NAME)";
				SWIFT_VERSION = 3.0;
			};
			name = Release;
		};
		A956F9921E7A60970098D92F /* Debug */ = {
			isa = XCBuildConfiguration;
			buildSettings = {
				ALWAYS_EMBED_SWIFT_STANDARD_LIBRARIES = YES;
				BUNDLE_LOADER = "$(TEST_HOST)";
				INFOPLIST_FILE = testTests/Info.plist;
				LD_RUNPATH_SEARCH_PATHS = "$(inherited) @executable_path/Frameworks @loader_path/Frameworks";
				PRODUCT_BUNDLE_IDENTIFIER = ttt.testTests;
				PRODUCT_NAME = "$(TARGET_NAME)";
				SWIFT_VERSION = 3.0;
				TEST_HOST = "$(BUILT_PRODUCTS_DIR)/test.app/test";
			};
			name = Debug;
		};
		A956F9931E7A60970098D92F /* Release */ = {
			isa = XCBuildConfiguration;
			buildSettings = {
				ALWAYS_EMBED_SWIFT_STANDARD_LIBRARIES = YES;
				BUNDLE_LOADER = "$(TEST_HOST)";
				INFOPLIST_FILE = testTests/Info.plist;
				LD_RUNPATH_SEARCH_PATHS = "$(inherited) @executable_path/Frameworks @loader_path/Frameworks";
				PRODUCT_BUNDLE_IDENTIFIER = ttt.testTests;
				PRODUCT_NAME = "$(TARGET_NAME)";
				SWIFT_VERSION = 3.0;
				TEST_HOST = "$(BUILT_PRODUCTS_DIR)/test.app/test";
			};
			name = Release;
		};
		A956F9951E7A60970098D92F /* Debug */ = {
			isa = XCBuildConfiguration;
			buildSettings = {
				ALWAYS_EMBED_SWIFT_STANDARD_LIBRARIES = YES;
				INFOPLIST_FILE = testUITests/Info.plist;
				LD_RUNPATH_SEARCH_PATHS = "$(inherited) @executable_path/Frameworks @loader_path/Frameworks";
				PRODUCT_BUNDLE_IDENTIFIER = ttt.testUITests;
				PRODUCT_NAME = "$(TARGET_NAME)";
				SWIFT_VERSION = 3.0;
				TEST_TARGET_NAME = test;
			};
			name = Debug;
		};
		A956F9961E7A60970098D92F /* Release */ = {
			isa = XCBuildConfiguration;
			buildSettings = {
				ALWAYS_EMBED_SWIFT_STANDARD_LIBRARIES = YES;
				INFOPLIST_FILE = testUITests/Info.plist;
				LD_RUNPATH_SEARCH_PATHS = "$(inherited) @executable_path/Frameworks @loader_path/Frameworks";
				PRODUCT_BUNDLE_IDENTIFIER = ttt.testUITests;
				PRODUCT_NAME = "$(TARGET_NAME)";
				SWIFT_VERSION = 3.0;
				TEST_TARGET_NAME = test;
			};
			name = Release;
		};
/* End XCBuildConfiguration section */

/* Begin XCConfigurationList section */
		A956F9611E7A60970098D92F /* Build configuration list for PBXProject "test" */ = {
			isa = XCConfigurationList;
			buildConfigurations = (
				A956F98C1E7A60970098D92F /* Debug */,
				A956F98D1E7A60970098D92F /* Release */,
			);
			defaultConfigurationIsVisible = 0;
			defaultConfigurationName = Release;
		};
		A956F98E1E7A60970098D92F /* Build configuration list for PBXNativeTarget "test" */ = {
			isa = XCConfigurationList;
			buildConfigurations = (
				A956F98F1E7A60970098D92F /* Debug */,
				A956F9901E7A60970098D92F /* Release */,
			);
			defaultConfigurationIsVisible = 0;
		};
		A956F9911E7A60970098D92F /* Build configuration list for PBXNativeTarget "testTests" */ = {
			isa = XCConfigurationList;
			buildConfigurations = (
				A956F9921E7A60970098D92F /* Debug */,
				A956F9931E7A60970098D92F /* Release */,
			);
			defaultConfigurationIsVisible = 0;
		};
		A956F9941E7A60970098D92F /* Build configuration list for PBXNativeTarget "testUITests" */ = {
			isa = XCConfigurationList;
			buildConfigurations = (
				A956F9951E7A60970098D92F /* Debug */,
				A956F9961E7A60970098D92F /* Release */,
			);
			defaultConfigurationIsVisible = 0;
		};
/* End XCConfigurationList section */
	};
	rootObject = A956F95E1E7A60970098D92F /* Project object */;
}
